
Microsoft Visual Studio Solution File, Format Version 12.00
# Visual Studio Version 16
VisualStudioVersion = 16.0.30711.63
MinimumVisualStudioVersion = 10.0.40219.1
Project("{FAE04EC0-301F-11D3-BF4B-00C04F79EFBC}") = "HelloWorld", "HelloWorld\HelloWorld.csproj", "{84F9D1AD-1E8E-45AD-8FDB-B554E628A6D8}"
EndProject
Global
	GlobalSection(SolutionConfigurationPlatforms) = preSolution
		Debug|Any CPU = Debug|Any CPU
		Release|Any CPU = Release|Any CPU
	EndGlobalSection
	GlobalSection(ProjectConfigurationPlatforms) = postSolution
		{84F9D1AD-1E8E-45AD-8FDB-B554E628A6D8}.Debug|Any CPU.ActiveCfg = Debug|Any CPU
		{84F9D1AD-1E8E-45AD-8FDB-B554E628A6D8}.Debug|Any CPU.Build.0 = Debug|Any CPU
		{84F9D1AD-1E8E-45AD-8FDB-B554E628A6D8}.Release|Any CPU.ActiveCfg = Release|Any CPU
		{84F9D1AD-1E8E-45AD-8FDB-B554E628A6D8}.Release|Any CPU.Build.0 = Release|Any CPU
	EndGlobalSection
	GlobalSection(SolutionProperties) = preSolution
		HideSolutionNode = FALSE
	EndGlobalSection
	GlobalSection(ExtensibilityGlobals) = postSolution
		SolutionGuid = {DC5D8E9C-D440-4379-BABC-45D9B172494A}
	EndGlobalSection
EndGlobal
